// !$*UTF8*$!
{
	archiveVersion = 1;
	classes = {
	};
	objectVersion = 46;
	objects = {

/* Begin PBXBuildFile section */
		BB2420281F73E5D00039515A /* AppDelegate.swift in Sources */ = {isa = PBXBuildFile; fileRef = BB2420271F73E5D00039515A /* AppDelegate.swift */; };
		BB24202A1F73E5D00039515A /* MainViewController.swift in Sources */ = {isa = PBXBuildFile; fileRef = BB2420291F73E5D00039515A /* MainViewController.swift */; };
		BB24202D1F73E5D00039515A /* Main.storyboard in Resources */ = {isa = PBXBuildFile; fileRef = BB24202B1F73E5D00039515A /* Main.storyboard */; };
		BB24202F1F73E5D00039515A /* Assets.xcassets in Resources */ = {isa = PBXBuildFile; fileRef = BB24202E1F73E5D00039515A /* Assets.xcassets */; };
		BB24203D1F73E5D00039515A /* comment_client_iosTests.swift in Sources */ = {isa = PBXBuildFile; fileRef = BB24203C1F73E5D00039515A /* comment_client_iosTests.swift */; };
		BB2420481F73E5D00039515A /* comment_client_iosUITests.swift in Sources */ = {isa = PBXBuildFile; fileRef = BB2420471F73E5D00039515A /* comment_client_iosUITests.swift */; };
		CDF3B259F7B5C3E6FE7DB2E8 /* Pods_comment_client_ios.framework in Frameworks */ = {isa = PBXBuildFile; fileRef = BEAADDED3FD44686BE8D34A7 /* Pods_comment_client_ios.framework */; };
/* End PBXBuildFile section */

/* Begin PBXContainerItemProxy section */
		BB2420391F73E5D00039515A /* PBXContainerItemProxy */ = {
			isa = PBXContainerItemProxy;
			containerPortal = BB24201C1F73E5CF0039515A /* Project object */;
			proxyType = 1;
			remoteGlobalIDString = BB2420231F73E5CF0039515A;
			remoteInfo = comment_client_ios;
		};
		BB2420441F73E5D00039515A /* PBXContainerItemProxy */ = {
			isa = PBXContainerItemProxy;
			containerPortal = BB24201C1F73E5CF0039515A /* Project object */;
			proxyType = 1;
			remoteGlobalIDString = BB2420231F73E5CF0039515A;
			remoteInfo = comment_client_ios;
		};
/* End PBXContainerItemProxy section */

/* Begin PBXFileReference section */
		6DA58AE6EDE26E5D0807CBF5 /* Pods-comment_client_ios.debug.xcconfig */ = {isa = PBXFileReference; includeInIndex = 1; lastKnownFileType = text.xcconfig; name = "Pods-comment_client_ios.debug.xcconfig"; path = "Pods/Target Support Files/Pods-comment_client_ios/Pods-comment_client_ios.debug.xcconfig"; sourceTree = "<group>"; };
		BB2420241F73E5CF0039515A /* comment_client_ios.app */ = {isa = PBXFileReference; explicitFileType = wrapper.application; includeInIndex = 0; path = comment_client_ios.app; sourceTree = BUILT_PRODUCTS_DIR; };
		BB2420271F73E5D00039515A /* AppDelegate.swift */ = {isa = PBXFileReference; lastKnownFileType = sourcecode.swift; path = AppDelegate.swift; sourceTree = "<group>"; };
		BB2420291F73E5D00039515A /* MainViewController.swift */ = {isa = PBXFileReference; lastKnownFileType = sourcecode.swift; path = MainViewController.swift; sourceTree = "<group>"; };
		BB24202C1F73E5D00039515A /* Base */ = {isa = PBXFileReference; lastKnownFileType = file.storyboard; name = Base; path = Base.lproj/Main.storyboard; sourceTree = "<group>"; };
		BB24202E1F73E5D00039515A /* Assets.xcassets */ = {isa = PBXFileReference; lastKnownFileType = folder.assetcatalog; path = Assets.xcassets; sourceTree = "<group>"; };
		BB2420331F73E5D00039515A /* Info.plist */ = {isa = PBXFileReference; lastKnownFileType = text.plist.xml; path = Info.plist; sourceTree = "<group>"; };
		BB2420381F73E5D00039515A /* comment_client_iosTests.xctest */ = {isa = PBXFileReference; explicitFileType = wrapper.cfbundle; includeInIndex = 0; path = comment_client_iosTests.xctest; sourceTree = BUILT_PRODUCTS_DIR; };
		BB24203C1F73E5D00039515A /* comment_client_iosTests.swift */ = {isa = PBXFileReference; lastKnownFileType = sourcecode.swift; path = comment_client_iosTests.swift; sourceTree = "<group>"; };
		BB24203E1F73E5D00039515A /* Info.plist */ = {isa = PBXFileReference; lastKnownFileType = text.plist.xml; path = Info.plist; sourceTree = "<group>"; };
		BB2420431F73E5D00039515A /* comment_client_iosUITests.xctest */ = {isa = PBXFileReference; explicitFileType = wrapper.cfbundle; includeInIndex = 0; path = comment_client_iosUITests.xctest; sourceTree = BUILT_PRODUCTS_DIR; };
		BB2420471F73E5D00039515A /* comment_client_iosUITests.swift */ = {isa = PBXFileReference; lastKnownFileType = sourcecode.swift; path = comment_client_iosUITests.swift; sourceTree = "<group>"; };
		BB2420491F73E5D00039515A /* Info.plist */ = {isa = PBXFileReference; lastKnownFileType = text.plist.xml; path = Info.plist; sourceTree = "<group>"; };
		BEAADDED3FD44686BE8D34A7 /* Pods_comment_client_ios.framework */ = {isa = PBXFileReference; explicitFileType = wrapper.framework; includeInIndex = 0; path = Pods_comment_client_ios.framework; sourceTree = BUILT_PRODUCTS_DIR; };
		CE07AA3CA8FBCA3C97BD8D48 /* Pods-comment_client_ios.release.xcconfig */ = {isa = PBXFileReference; includeInIndex = 1; lastKnownFileType = text.xcconfig; name = "Pods-comment_client_ios.release.xcconfig"; path = "Pods/Target Support Files/Pods-comment_client_ios/Pods-comment_client_ios.release.xcconfig"; sourceTree = "<group>"; };
/* End PBXFileReference section */

/* Begin PBXFrameworksBuildPhase section */
		BB2420211F73E5CF0039515A /* Frameworks */ = {
			isa = PBXFrameworksBuildPhase;
			buildActionMask = 2147483647;
			files = (
				CDF3B259F7B5C3E6FE7DB2E8 /* Pods_comment_client_ios.framework in Frameworks */,
			);
			runOnlyForDeploymentPostprocessing = 0;
		};
		BB2420351F73E5D00039515A /* Frameworks */ = {
			isa = PBXFrameworksBuildPhase;
			buildActionMask = 2147483647;
			files = (
			);
			runOnlyForDeploymentPostprocessing = 0;
		};
		BB2420401F73E5D00039515A /* Frameworks */ = {
			isa = PBXFrameworksBuildPhase;
			buildActionMask = 2147483647;
			files = (
			);
			runOnlyForDeploymentPostprocessing = 0;
		};
/* End PBXFrameworksBuildPhase section */

/* Begin PBXGroup section */
		29001F3A72361C24DEF4E563 /* Frameworks */ = {
			isa = PBXGroup;
			children = (
				BEAADDED3FD44686BE8D34A7 /* Pods_comment_client_ios.framework */,
			);
			name = Frameworks;
			sourceTree = "<group>";
		};
		955509C89B687B8960E647B8 /* Pods */ = {
			isa = PBXGroup;
			children = (
				6DA58AE6EDE26E5D0807CBF5 /* Pods-comment_client_ios.debug.xcconfig */,
				CE07AA3CA8FBCA3C97BD8D48 /* Pods-comment_client_ios.release.xcconfig */,
			);
			name = Pods;
			sourceTree = "<group>";
		};
		BB24201B1F73E5CF0039515A = {
			isa = PBXGroup;
			children = (
				BB2420261F73E5CF0039515A /* comment_client_ios */,
				BB24203B1F73E5D00039515A /* comment_client_iosTests */,
				BB2420461F73E5D00039515A /* comment_client_iosUITests */,
				BB2420251F73E5CF0039515A /* Products */,
				955509C89B687B8960E647B8 /* Pods */,
				29001F3A72361C24DEF4E563 /* Frameworks */,
			);
			sourceTree = "<group>";
		};
		BB2420251F73E5CF0039515A /* Products */ = {
			isa = PBXGroup;
			children = (
				BB2420241F73E5CF0039515A /* comment_client_ios.app */,
				BB2420381F73E5D00039515A /* comment_client_iosTests.xctest */,
				BB2420431F73E5D00039515A /* comment_client_iosUITests.xctest */,
			);
			name = Products;
			sourceTree = "<group>";
		};
		BB2420261F73E5CF0039515A /* comment_client_ios */ = {
			isa = PBXGroup;
			children = (
				BB2420271F73E5D00039515A /* AppDelegate.swift */,
				BB2420291F73E5D00039515A /* MainViewController.swift */,
				BB24202B1F73E5D00039515A /* Main.storyboard */,
				BB24202E1F73E5D00039515A /* Assets.xcassets */,
				BB2420331F73E5D00039515A /* Info.plist */,
			);
			path = comment_client_ios;
			sourceTree = "<group>";
		};
		BB24203B1F73E5D00039515A /* comment_client_iosTests */ = {
			isa = PBXGroup;
			children = (
				BB24203C1F73E5D00039515A /* comment_client_iosTests.swift */,
				BB24203E1F73E5D00039515A /* Info.plist */,
			);
			path = comment_client_iosTests;
			sourceTree = "<group>";
		};
		BB2420461F73E5D00039515A /* comment_client_iosUITests */ = {
			isa = PBXGroup;
			children = (
				BB2420471F73E5D00039515A /* comment_client_iosUITests.swift */,
				BB2420491F73E5D00039515A /* Info.plist */,
			);
			path = comment_client_iosUITests;
			sourceTree = "<group>";
		};
/* End PBXGroup section */

/* Begin PBXNativeTarget section */
		BB2420231F73E5CF0039515A /* comment_client_ios */ = {
			isa = PBXNativeTarget;
			buildConfigurationList = BB24204C1F73E5D00039515A /* Build configuration list for PBXNativeTarget "comment_client_ios" */;
			buildPhases = (
				DB99ABDF70D4C9F99B5732C8 /* [CP] Check Pods Manifest.lock */,
				BB2420201F73E5CF0039515A /* Sources */,
				BB2420211F73E5CF0039515A /* Frameworks */,
				BB2420221F73E5CF0039515A /* Resources */,
				9336F26BE5500C82DDD3A752 /* [CP] Embed Pods Frameworks */,
				068876D8188AF4580E8235B0 /* [CP] Copy Pods Resources */,
			);
			buildRules = (
			);
			dependencies = (
			);
			name = comment_client_ios;
			productName = comment_client_ios;
			productReference = BB2420241F73E5CF0039515A /* comment_client_ios.app */;
			productType = "com.apple.product-type.application";
		};
		BB2420371F73E5D00039515A /* comment_client_iosTests */ = {
			isa = PBXNativeTarget;
			buildConfigurationList = BB24204F1F73E5D00039515A /* Build configuration list for PBXNativeTarget "comment_client_iosTests" */;
			buildPhases = (
				BB2420341F73E5D00039515A /* Sources */,
				BB2420351F73E5D00039515A /* Frameworks */,
				BB2420361F73E5D00039515A /* Resources */,
			);
			buildRules = (
			);
			dependencies = (
				BB24203A1F73E5D00039515A /* PBXTargetDependency */,
			);
			name = comment_client_iosTests;
			productName = comment_client_iosTests;
			productReference = BB2420381F73E5D00039515A /* comment_client_iosTests.xctest */;
			productType = "com.apple.product-type.bundle.unit-test";
		};
		BB2420421F73E5D00039515A /* comment_client_iosUITests */ = {
			isa = PBXNativeTarget;
			buildConfigurationList = BB2420521F73E5D00039515A /* Build configuration list for PBXNativeTarget "comment_client_iosUITests" */;
			buildPhases = (
				BB24203F1F73E5D00039515A /* Sources */,
				BB2420401F73E5D00039515A /* Frameworks */,
				BB2420411F73E5D00039515A /* Resources */,
			);
			buildRules = (
			);
			dependencies = (
				BB2420451F73E5D00039515A /* PBXTargetDependency */,
			);
			name = comment_client_iosUITests;
			productName = comment_client_iosUITests;
			productReference = BB2420431F73E5D00039515A /* comment_client_iosUITests.xctest */;
			productType = "com.apple.product-type.bundle.ui-testing";
		};
/* End PBXNativeTarget section */

/* Begin PBXProject section */
		BB24201C1F73E5CF0039515A /* Project object */ = {
			isa = PBXProject;
			attributes = {
				LastSwiftUpdateCheck = 0830;
				LastUpgradeCheck = 0830;
				ORGANIZATIONNAME = "Taira Kaneko";
				TargetAttributes = {
					BB2420231F73E5CF0039515A = {
						CreatedOnToolsVersion = 8.3.3;
						DevelopmentTeam = 4X3E9PQ9NR;
						ProvisioningStyle = Automatic;
					};
					BB2420371F73E5D00039515A = {
						CreatedOnToolsVersion = 8.3.3;
						DevelopmentTeam = 4X3E9PQ9NR;
						ProvisioningStyle = Automatic;
						TestTargetID = BB2420231F73E5CF0039515A;
					};
					BB2420421F73E5D00039515A = {
						CreatedOnToolsVersion = 8.3.3;
						DevelopmentTeam = 4X3E9PQ9NR;
						ProvisioningStyle = Automatic;
						TestTargetID = BB2420231F73E5CF0039515A;
					};
				};
			};
			buildConfigurationList = BB24201F1F73E5CF0039515A /* Build configuration list for PBXProject "comment_client_ios" */;
			compatibilityVersion = "Xcode 3.2";
			developmentRegion = English;
			hasScannedForEncodings = 0;
			knownRegions = (
				en,
				Base,
			);
			mainGroup = BB24201B1F73E5CF0039515A;
			productRefGroup = BB2420251F73E5CF0039515A /* Products */;
			projectDirPath = "";
			projectRoot = "";
			targets = (
				BB2420231F73E5CF0039515A /* comment_client_ios */,
				BB2420371F73E5D00039515A /* comment_client_iosTests */,
				BB2420421F73E5D00039515A /* comment_client_iosUITests */,
			);
		};
/* End PBXProject section */

/* Begin PBXResourcesBuildPhase section */
		BB2420221F73E5CF0039515A /* Resources */ = {
			isa = PBXResourcesBuildPhase;
			buildActionMask = 2147483647;
			files = (
				BB24202F1F73E5D00039515A /* Assets.xcassets in Resources */,
				BB24202D1F73E5D00039515A /* Main.storyboard in Resources */,
			);
			runOnlyForDeploymentPostprocessing = 0;
		};
		BB2420361F73E5D00039515A /* Resources */ = {
			isa = PBXResourcesBuildPhase;
			buildActionMask = 2147483647;
			files = (
			);
			runOnlyForDeploymentPostprocessing = 0;
		};
		BB2420411F73E5D00039515A /* Resources */ = {
			isa = PBXResourcesBuildPhase;
			buildActionMask = 2147483647;
			files = (
			);
			runOnlyForDeploymentPostprocessing = 0;
		};
/* End PBXResourcesBuildPhase section */

/* Begin PBXShellScriptBuildPhase section */
		068876D8188AF4580E8235B0 /* [CP] Copy Pods Resources */ = {
			isa = PBXShellScriptBuildPhase;
			buildActionMask = 2147483647;
			files = (
			);
			inputPaths = (
			);
			name = "[CP] Copy Pods Resources";
			outputPaths = (
			);
			runOnlyForDeploymentPostprocessing = 0;
			shellPath = /bin/sh;
			shellScript = "\"${SRCROOT}/Pods/Target Support Files/Pods-comment_client_ios/Pods-comment_client_ios-resources.sh\"\n";
			showEnvVarsInLog = 0;
		};
		9336F26BE5500C82DDD3A752 /* [CP] Embed Pods Frameworks */ = {
			isa = PBXShellScriptBuildPhase;
			buildActionMask = 2147483647;
			files = (
			);
			inputPaths = (
				"${SRCROOT}/Pods/Target Support Files/Pods-comment_client_ios/Pods-comment_client_ios-frameworks.sh",
				"${BUILT_PRODUCTS_DIR}/Alamofire/Alamofire.framework",
			);
			name = "[CP] Embed Pods Frameworks";
			outputPaths = (
				"${TARGET_BUILD_DIR}/${FRAMEWORKS_FOLDER_PATH}/Alamofire.framework",
			);
			runOnlyForDeploymentPostprocessing = 0;
			shellPath = /bin/sh;
			shellScript = "\"${SRCROOT}/Pods/Target Support Files/Pods-comment_client_ios/Pods-comment_client_ios-frameworks.sh\"\n";
			showEnvVarsInLog = 0;
		};
		DB99ABDF70D4C9F99B5732C8 /* [CP] Check Pods Manifest.lock */ = {
			isa = PBXShellScriptBuildPhase;
			buildActionMask = 2147483647;
			files = (
			);
			inputPaths = (
				"${PODS_PODFILE_DIR_PATH}/Podfile.lock",
				"${PODS_ROOT}/Manifest.lock",
			);
			name = "[CP] Check Pods Manifest.lock";
			outputPaths = (
				"$(DERIVED_FILE_DIR)/Pods-comment_client_ios-checkManifestLockResult.txt",
			);
			runOnlyForDeploymentPostprocessing = 0;
			shellPath = /bin/sh;
			shellScript = "diff \"${PODS_PODFILE_DIR_PATH}/Podfile.lock\" \"${PODS_ROOT}/Manifest.lock\" > /dev/null\nif [ $? != 0 ] ; then\n    # print error to STDERR\n    echo \"error: The sandbox is not in sync with the Podfile.lock. Run 'pod install' or update your CocoaPods installation.\" >&2\n    exit 1\nfi\n# This output is used by Xcode 'outputs' to avoid re-running this script phase.\necho \"SUCCESS\" > \"${SCRIPT_OUTPUT_FILE_0}\"\n";
			showEnvVarsInLog = 0;
		};
/* End PBXShellScriptBuildPhase section */

/* Begin PBXSourcesBuildPhase section */
		BB2420201F73E5CF0039515A /* Sources */ = {
			isa = PBXSourcesBuildPhase;
			buildActionMask = 2147483647;
			files = (
				BB24202A1F73E5D00039515A /* MainViewController.swift in Sources */,
				BB2420281F73E5D00039515A /* AppDelegate.swift in Sources */,
			);
			runOnlyForDeploymentPostprocessing = 0;
		};
		BB2420341F73E5D00039515A /* Sources */ = {
			isa = PBXSourcesBuildPhase;
			buildActionMask = 2147483647;
			files = (
				BB24203D1F73E5D00039515A /* comment_client_iosTests.swift in Sources */,
			);
			runOnlyForDeploymentPostprocessing = 0;
		};
		BB24203F1F73E5D00039515A /* Sources */ = {
			isa = PBXSourcesBuildPhase;
			buildActionMask = 2147483647;
			files = (
				BB2420481F73E5D00039515A /* comment_client_iosUITests.swift in Sources */,
			);
			runOnlyForDeploymentPostprocessing = 0;
		};
/* End PBXSourcesBuildPhase section */

/* Begin PBXTargetDependency section */
		BB24203A1F73E5D00039515A /* PBXTargetDependency */ = {
			isa = PBXTargetDependency;
			target = BB2420231F73E5CF0039515A /* comment_client_ios */;
			targetProxy = BB2420391F73E5D00039515A /* PBXContainerItemProxy */;
		};
		BB2420451F73E5D00039515A /* PBXTargetDependency */ = {
			isa = PBXTargetDependency;
			target = BB2420231F73E5CF0039515A /* comment_client_ios */;
			targetProxy = BB2420441F73E5D00039515A /* PBXContainerItemProxy */;
		};
/* End PBXTargetDependency section */

/* Begin PBXVariantGroup section */
		BB24202B1F73E5D00039515A /* Main.storyboard */ = {
			isa = PBXVariantGroup;
			children = (
				BB24202C1F73E5D00039515A /* Base */,
			);
			name = Main.storyboard;
			sourceTree = "<group>";
		};
/* End PBXVariantGroup section */

/* Begin XCBuildConfiguration section */
		BB24204A1F73E5D00039515A /* Debug */ = {
			isa = XCBuildConfiguration;
			buildSettings = {
				ALWAYS_SEARCH_USER_PATHS = NO;
				CLANG_ANALYZER_NONNULL = YES;
				CLANG_ANALYZER_NUMBER_OBJECT_CONVERSION = YES_AGGRESSIVE;
				CLANG_CXX_LANGUAGE_STANDARD = "gnu++0x";
				CLANG_CXX_LIBRARY = "libc++";
				CLANG_ENABLE_MODULES = YES;
				CLANG_ENABLE_OBJC_ARC = YES;
				CLANG_WARN_BOOL_CONVERSION = YES;
				CLANG_WARN_CONSTANT_CONVERSION = YES;
				CLANG_WARN_DIRECT_OBJC_ISA_USAGE = YES_ERROR;
				CLANG_WARN_DOCUMENTATION_COMMENTS = YES;
				CLANG_WARN_EMPTY_BODY = YES;
				CLANG_WARN_ENUM_CONVERSION = YES;
				CLANG_WARN_INFINITE_RECURSION = YES;
				CLANG_WARN_INT_CONVERSION = YES;
				CLANG_WARN_OBJC_ROOT_CLASS = YES_ERROR;
				CLANG_WARN_SUSPICIOUS_MOVE = YES;
				CLANG_WARN_UNREACHABLE_CODE = YES;
				CLANG_WARN__DUPLICATE_METHOD_MATCH = YES;
				"CODE_SIGN_IDENTITY[sdk=iphoneos*]" = "iPhone Developer";
				COPY_PHASE_STRIP = NO;
				DEBUG_INFORMATION_FORMAT = dwarf;
				ENABLE_STRICT_OBJC_MSGSEND = YES;
				ENABLE_TESTABILITY = YES;
				GCC_C_LANGUAGE_STANDARD = gnu99;
				GCC_DYNAMIC_NO_PIC = NO;
				GCC_NO_COMMON_BLOCKS = YES;
				GCC_OPTIMIZATION_LEVEL = 0;
				GCC_PREPROCESSOR_DEFINITIONS = (
					"DEBUG=1",
					"$(inherited)",
				);
				GCC_WARN_64_TO_32_BIT_CONVERSION = YES;
				GCC_WARN_ABOUT_RETURN_TYPE = YES_ERROR;
				GCC_WARN_UNDECLARED_SELECTOR = YES;
				GCC_WARN_UNINITIALIZED_AUTOS = YES_AGGRESSIVE;
				GCC_WARN_UNUSED_FUNCTION = YES;
				GCC_WARN_UNUSED_VARIABLE = YES;
				IPHONEOS_DEPLOYMENT_TARGET = 10.3;
				MTL_ENABLE_DEBUG_INFO = YES;
				ONLY_ACTIVE_ARCH = YES;
				SDKROOT = iphoneos;
				SWIFT_ACTIVE_COMPILATION_CONDITIONS = DEBUG;
				SWIFT_OPTIMIZATION_LEVEL = "-Onone";
				TARGETED_DEVICE_FAMILY = "1,2";
			};
			name = Debug;
		};
		BB24204B1F73E5D00039515A /* Release */ = {
			isa = XCBuildConfiguration;
			buildSettings = {
				ALWAYS_SEARCH_USER_PATHS = NO;
				CLANG_ANALYZER_NONNULL = YES;
				CLANG_ANALYZER_NUMBER_OBJECT_CONVERSION = YES_AGGRESSIVE;
				CLANG_CXX_LANGUAGE_STANDARD = "gnu++0x";
				CLANG_CXX_LIBRARY = "libc++";
				CLANG_ENABLE_MODULES = YES;
				CLANG_ENABLE_OBJC_ARC = YES;
				CLANG_WARN_BOOL_CONVERSION = YES;
				CLANG_WARN_CONSTANT_CONVERSION = YES;
				CLANG_WARN_DIRECT_OBJC_ISA_USAGE = YES_ERROR;
				CLANG_WARN_DOCUMENTATION_COMMENTS = YES;
				CLANG_WARN_EMPTY_BODY = YES;
				CLANG_WARN_ENUM_CONVERSION = YES;
				CLANG_WARN_INFINITE_RECURSION = YES;
				CLANG_WARN_INT_CONVERSION = YES;
				CLANG_WARN_OBJC_ROOT_CLASS = YES_ERROR;
				CLANG_WARN_SUSPICIOUS_MOVE = YES;
				CLANG_WARN_UNREACHABLE_CODE = YES;
				CLANG_WARN__DUPLICATE_METHOD_MATCH = YES;
				"CODE_SIGN_IDENTITY[sdk=iphoneos*]" = "iPhone Developer";
				COPY_PHASE_STRIP = NO;
				DEBUG_INFORMATION_FORMAT = "dwarf-with-dsym";
				ENABLE_NS_ASSERTIONS = NO;
				ENABLE_STRICT_OBJC_MSGSEND = YES;
				GCC_C_LANGUAGE_STANDARD = gnu99;
				GCC_NO_COMMON_BLOCKS = YES;
				GCC_WARN_64_TO_32_BIT_CONVERSION = YES;
				GCC_WARN_ABOUT_RETURN_TYPE = YES_ERROR;
				GCC_WARN_UNDECLARED_SELECTOR = YES;
				GCC_WARN_UNINITIALIZED_AUTOS = YES_AGGRESSIVE;
				GCC_WARN_UNUSED_FUNCTION = YES;
				GCC_WARN_UNUSED_VARIABLE = YES;
				IPHONEOS_DEPLOYMENT_TARGET = 10.3;
				MTL_ENABLE_DEBUG_INFO = NO;
				SDKROOT = iphoneos;
				SWIFT_OPTIMIZATION_LEVEL = "-Owholemodule";
				TARGETED_DEVICE_FAMILY = "1,2";
				VALIDATE_PRODUCT = YES;
			};
			name = Release;
		};
		BB24204D1F73E5D00039515A /* Debug */ = {
			isa = XCBuildConfiguration;
			baseConfigurationReference = 6DA58AE6EDE26E5D0807CBF5 /* Pods-comment_client_ios.debug.xcconfig */;
			buildSettings = {
				ASSETCATALOG_COMPILER_APPICON_NAME = AppIcon;
				DEVELOPMENT_TEAM = 4X3E9PQ9NR;
				INFOPLIST_FILE = comment_client_ios/Info.plist;
				LD_RUNPATH_SEARCH_PATHS = "$(inherited) @executable_path/Frameworks";
				PRODUCT_BUNDLE_IDENTIFIER = "guri.comment-client-ios";
				PRODUCT_NAME = "$(TARGET_NAME)";
				SWIFT_VERSION = 3.0;
			};
			name = Debug;
		};
		BB24204E1F73E5D00039515A /* Release */ = {
			isa = XCBuildConfiguration;
			baseConfigurationReference = CE07AA3CA8FBCA3C97BD8D48 /* Pods-comment_client_ios.release.xcconfig */;
			buildSettings = {
				ASSETCATALOG_COMPILER_APPICON_NAME = AppIcon;
				DEVELOPMENT_TEAM = 4X3E9PQ9NR;
				INFOPLIST_FILE = comment_client_ios/Info.plist;
				LD_RUNPATH_SEARCH_PATHS = "$(inherited) @executable_path/Frameworks";
				PRODUCT_BUNDLE_IDENTIFIER = "guri.comment-client-ios";
				PRODUCT_NAME = "$(TARGET_NAME)";
				SWIFT_VERSION = 3.0;
			};
			name = Release;
		};
		BB2420501F73E5D00039515A /* Debug */ = {
			isa = XCBuildConfiguration;
			buildSettings = {
				ALWAYS_EMBED_SWIFT_STANDARD_LIBRARIES = YES;
				BUNDLE_LOADER = "$(TEST_HOST)";
				DEVELOPMENT_TEAM = 4X3E9PQ9NR;
				INFOPLIST_FILE = comment_client_iosTests/Info.plist;
				LD_RUNPATH_SEARCH_PATHS = "$(inherited) @executable_path/Frameworks @loader_path/Frameworks";
				PRODUCT_BUNDLE_IDENTIFIER = "guri.comment-client-iosTests";
				PRODUCT_NAME = "$(TARGET_NAME)";
				SWIFT_VERSION = 3.0;
				TEST_HOST = "$(BUILT_PRODUCTS_DIR)/comment_client_ios.app/comment_client_ios";
			};
			name = Debug;
		};
		BB2420511F73E5D00039515A /* Release */ = {
			isa = XCBuildConfiguration;
			buildSettings = {
				ALWAYS_EMBED_SWIFT_STANDARD_LIBRARIES = YES;
				BUNDLE_LOADER = "$(TEST_HOST)";
				DEVELOPMENT_TEAM = 4X3E9PQ9NR;
				INFOPLIST_FILE = comment_client_iosTests/Info.plist;
				LD_RUNPATH_SEARCH_PATHS = "$(inherited) @executable_path/Frameworks @loader_path/Frameworks";
				PRODUCT_BUNDLE_IDENTIFIER = "guri.comment-client-iosTests";
				PRODUCT_NAME = "$(TARGET_NAME)";
				SWIFT_VERSION = 3.0;
				TEST_HOST = "$(BUILT_PRODUCTS_DIR)/comment_client_ios.app/comment_client_ios";
			};
			name = Release;
		};
		BB2420531F73E5D00039515A /* Debug */ = {
			isa = XCBuildConfiguration;
			buildSettings = {
				ALWAYS_EMBED_SWIFT_STANDARD_LIBRARIES = YES;
				DEVELOPMENT_TEAM = 4X3E9PQ9NR;
				INFOPLIST_FILE = comment_client_iosUITests/Info.plist;
				LD_RUNPATH_SEARCH_PATHS = "$(inherited) @executable_path/Frameworks @loader_path/Frameworks";
				PRODUCT_BUNDLE_IDENTIFIER = "guri.comment-client-iosUITests";
				PRODUCT_NAME = "$(TARGET_NAME)";
				SWIFT_VERSION = 3.0;
				TEST_TARGET_NAME = comment_client_ios;
			};
			name = Debug;
		};
		BB2420541F73E5D00039515A /* Release */ = {
			isa = XCBuildConfiguration;
			buildSettings = {
				ALWAYS_EMBED_SWIFT_STANDARD_LIBRARIES = YES;
				DEVELOPMENT_TEAM = 4X3E9PQ9NR;
				INFOPLIST_FILE = comment_client_iosUITests/Info.plist;
				LD_RUNPATH_SEARCH_PATHS = "$(inherited) @executable_path/Frameworks @loader_path/Frameworks";
				PRODUCT_BUNDLE_IDENTIFIER = "guri.comment-client-iosUITests";
				PRODUCT_NAME = "$(TARGET_NAME)";
				SWIFT_VERSION = 3.0;
				TEST_TARGET_NAME = comment_client_ios;
			};
			name = Release;
		};
/* End XCBuildConfiguration section */

/* Begin XCConfigurationList section */
		BB24201F1F73E5CF0039515A /* Build configuration list for PBXProject "comment_client_ios" */ = {
			isa = XCConfigurationList;
			buildConfigurations = (
				BB24204A1F73E5D00039515A /* Debug */,
				BB24204B1F73E5D00039515A /* Release */,
			);
			defaultConfigurationIsVisible = 0;
			defaultConfigurationName = Release;
		};
		BB24204C1F73E5D00039515A /* Build configuration list for PBXNativeTarget "comment_client_ios" */ = {
			isa = XCConfigurationList;
			buildConfigurations = (
				BB24204D1F73E5D00039515A /* Debug */,
				BB24204E1F73E5D00039515A /* Release */,
			);
			defaultConfigurationIsVisible = 0;
		};
		BB24204F1F73E5D00039515A /* Build configuration list for PBXNativeTarget "comment_client_iosTests" */ = {
			isa = XCConfigurationList;
			buildConfigurations = (
				BB2420501F73E5D00039515A /* Debug */,
				BB2420511F73E5D00039515A /* Release */,
			);
			defaultConfigurationIsVisible = 0;
		};
		BB2420521F73E5D00039515A /* Build configuration list for PBXNativeTarget "comment_client_iosUITests" */ = {
			isa = XCConfigurationList;
			buildConfigurations = (
				BB2420531F73E5D00039515A /* Debug */,
				BB2420541F73E5D00039515A /* Release */,
			);
			defaultConfigurationIsVisible = 0;
		};
/* End XCConfigurationList section */
	};
	rootObject = BB24201C1F73E5CF0039515A /* Project object */;
}
